
Microsoft Visual Studio Solution File, Format Version 12.00
# Visual Studio Version 17
VisualStudioVersion = 17.6.33829.357
MinimumVisualStudioVersion = 10.0.40219.1
Project("{FAE04EC0-301F-11D3-BF4B-00C04F79EFBC}") = "SocialAPI", "SocialAPI.csproj", "{1FE6BB60-6737-4DBF-AA84-8D01F11B6DCE}"
EndProject
Global
	GlobalSection(SolutionConfigurationPlatforms) = preSolution
		Debug|Any CPU = Debug|Any CPU
		Release|Any CPU = Release|Any CPU
	EndGlobalSection
	GlobalSection(ProjectConfigurationPlatforms) = postSolution
		{1FE6BB60-6737-4DBF-AA84-8D01F11B6DCE}.Debug|Any CPU.ActiveCfg = Debug|Any CPU
		{1FE6BB60-6737-4DBF-AA84-8D01F11B6DCE}.Debug|Any CPU.Build.0 = Debug|Any CPU
		{1FE6BB60-6737-4DBF-AA84-8D01F11B6DCE}.Release|Any CPU.ActiveCfg = Release|Any CPU
		{1FE6BB60-6737-4DBF-AA84-8D01F11B6DCE}.Release|Any CPU.Build.0 = Release|Any CPU
	EndGlobalSection
	GlobalSection(SolutionProperties) = preSolution
		HideSolutionNode = FALSE
	EndGlobalSection
	GlobalSection(ExtensibilityGlobals) = postSolution
		SolutionGuid = {0EA618BE-5EE3-4ED8-ACED-5926A863385A}
	EndGlobalSection
EndGlobal
